
Microsoft Visual Studio Solution File, Format Version 12.00
# Visual Studio 15
VisualStudioVersion = 15.0.27004.2010
MinimumVisualStudioVersion = 10.0.40219.1
Project("{FAE04EC0-301F-11D3-BF4B-00C04F79EFBC}") = "Tutorial.Core.Console", "Tutorial.Core.Console\Tutorial.Core.Console.csproj", "{D545FE6C-E1CF-4796-80A7-5326EA0AB620}"
EndProject
Project("{FAE04EC0-301F-11D3-BF4B-00C04F79EFBC}") = "Tutorial.FW.Console", "Tutorial.FW.Console\Tutorial.FW.Console.csproj", "{EA75F28D-3A3C-4D9E-A0E7-33A2D2140172}"
EndProject
Global
	GlobalSection(SolutionConfigurationPlatforms) = preSolution
		Debug|Any CPU = Debug|Any CPU
		Release|Any CPU = Release|Any CPU
	EndGlobalSection
	GlobalSection(ProjectConfigurationPlatforms) = postSolution
		{D545FE6C-E1CF-4796-80A7-5326EA0AB620}.Debug|Any CPU.ActiveCfg = Debug|Any CPU
		{D545FE6C-E1CF-4796-80A7-5326EA0AB620}.Debug|Any CPU.Build.0 = Debug|Any CPU
		{D545FE6C-E1CF-4796-80A7-5326EA0AB620}.Release|Any CPU.ActiveCfg = Release|Any CPU
		{D545FE6C-E1CF-4796-80A7-5326EA0AB620}.Release|Any CPU.Build.0 = Release|Any CPU
		{EA75F28D-3A3C-4D9E-A0E7-33A2D2140172}.Debug|Any CPU.ActiveCfg = Debug|Any CPU
		{EA75F28D-3A3C-4D9E-A0E7-33A2D2140172}.Debug|Any CPU.Build.0 = Debug|Any CPU
		{EA75F28D-3A3C-4D9E-A0E7-33A2D2140172}.Release|Any CPU.ActiveCfg = Release|Any CPU
		{EA75F28D-3A3C-4D9E-A0E7-33A2D2140172}.Release|Any CPU.Build.0 = Release|Any CPU
	EndGlobalSection
	GlobalSection(SolutionProperties) = preSolution
		HideSolutionNode = FALSE
	EndGlobalSection
	GlobalSection(ExtensibilityGlobals) = postSolution
		SolutionGuid = {F17AC64B-8416-4607-9AA1-B5DA5CADC111}
	EndGlobalSection
EndGlobal
